# This file is automatically @generated by Cargo.
# It is not intended for manual editing.
version = 3

[[package]]
name = "day01-core"
version = "0.1.0"

[[package]]
name = "day01b"
version = "0.1.0"
dependencies = [
 "day01b-core",
]

[[package]]
name = "day01b-core"
version = "0.1.0"
dependencies = [
 "day01-core",
]
